
Microsoft Visual Studio Solution File, Format Version 12.00
# Visual Studio Version 17
VisualStudioVersion = 17.14.36221.1 d17.14
MinimumVisualStudioVersion = 10.0.40219.1
Project("{FAE04EC0-301F-11D3-BF4B-00C04F79EFBC}") = "FitnesClub", "FitnesClub\FitnesClub.csproj", "{17551B08-A428-4CE9-81CD-870CC3731F6D}"
EndProject
Global
	GlobalSection(SolutionConfigurationPlatforms) = preSolution
		Debug|Any CPU = Debug|Any CPU
		Release|Any CPU = Release|Any CPU
	EndGlobalSection
	GlobalSection(ProjectConfigurationPlatforms) = postSolution
		{17551B08-A428-4CE9-81CD-870CC3731F6D}.Debug|Any CPU.ActiveCfg = Debug|Any CPU
		{17551B08-A428-4CE9-81CD-870CC3731F6D}.Debug|Any CPU.Build.0 = Debug|Any CPU
		{17551B08-A428-4CE9-81CD-870CC3731F6D}.Release|Any CPU.ActiveCfg = Release|Any CPU
		{17551B08-A428-4CE9-81CD-870CC3731F6D}.Release|Any CPU.Build.0 = Release|Any CPU
	EndGlobalSection
	GlobalSection(SolutionProperties) = preSolution
		HideSolutionNode = FALSE
	EndGlobalSection
	GlobalSection(ExtensibilityGlobals) = postSolution
		SolutionGuid = {74D09F8E-416A-4EF4-80E2-4C00A1CA7604}
	EndGlobalSection
EndGlobal
